
Microsoft Visual Studio Solution File, Format Version 12.00
# Visual Studio Version 17
VisualStudioVersion = 17.3.32929.385
MinimumVisualStudioVersion = 10.0.40219.1
Project("{9A19103F-16F7-4668-BE54-9A1E7A4F7556}") = "CabFinder", "CabFinder.csproj", "{29A3F2E6-7984-4E6B-8D41-B244133698DF}"
EndProject
Project("{9A19103F-16F7-4668-BE54-9A1E7A4F7556}") = "TestProjects", "..\TestProjects\TestProjects.csproj", "{79176B74-6CAE-40E0-8A98-8BD7BC7A010E}"
EndProject
Global
	GlobalSection(SolutionConfigurationPlatforms) = preSolution
		Debug|Any CPU = Debug|Any CPU
		Release|Any CPU = Release|Any CPU
	EndGlobalSection
	GlobalSection(ProjectConfigurationPlatforms) = postSolution
		{29A3F2E6-7984-4E6B-8D41-B244133698DF}.Debug|Any CPU.ActiveCfg = Debug|Any CPU
		{29A3F2E6-7984-4E6B-8D41-B244133698DF}.Debug|Any CPU.Build.0 = Debug|Any CPU
		{29A3F2E6-7984-4E6B-8D41-B244133698DF}.Release|Any CPU.ActiveCfg = Release|Any CPU
		{29A3F2E6-7984-4E6B-8D41-B244133698DF}.Release|Any CPU.Build.0 = Release|Any CPU
		{79176B74-6CAE-40E0-8A98-8BD7BC7A010E}.Debug|Any CPU.ActiveCfg = Debug|Any CPU
		{79176B74-6CAE-40E0-8A98-8BD7BC7A010E}.Debug|Any CPU.Build.0 = Debug|Any CPU
		{79176B74-6CAE-40E0-8A98-8BD7BC7A010E}.Release|Any CPU.ActiveCfg = Release|Any CPU
		{79176B74-6CAE-40E0-8A98-8BD7BC7A010E}.Release|Any CPU.Build.0 = Release|Any CPU
	EndGlobalSection
	GlobalSection(SolutionProperties) = preSolution
		HideSolutionNode = FALSE
	EndGlobalSection
	GlobalSection(ExtensibilityGlobals) = postSolution
		SolutionGuid = {E815B532-E93E-4304-9688-0A9AE5F80290}
	EndGlobalSection
EndGlobal
